
Microsoft Visual Studio Solution File, Format Version 12.00
# Visual Studio Version 17
VisualStudioVersion = 17.9.34728.123
MinimumVisualStudioVersion = 10.0.40219.1
Project("{FAE04EC0-301F-11D3-BF4B-00C04F79EFBC}") = "XMLToPDFApp", "XMLToPDFApp.csproj", "{A85AC828-02AD-41B1-84F8-77AA3544FAF3}"
EndProject
Global
	GlobalSection(SolutionConfigurationPlatforms) = preSolution
		Debug|Any CPU = Debug|Any CPU
		Release|Any CPU = Release|Any CPU
	EndGlobalSection
	GlobalSection(ProjectConfigurationPlatforms) = postSolution
		{A85AC828-02AD-41B1-84F8-77AA3544FAF3}.Debug|Any CPU.ActiveCfg = Debug|Any CPU
		{A85AC828-02AD-41B1-84F8-77AA3544FAF3}.Debug|Any CPU.Build.0 = Debug|Any CPU
		{A85AC828-02AD-41B1-84F8-77AA3544FAF3}.Release|Any CPU.ActiveCfg = Release|Any CPU
		{A85AC828-02AD-41B1-84F8-77AA3544FAF3}.Release|Any CPU.Build.0 = Release|Any CPU
	EndGlobalSection
	GlobalSection(SolutionProperties) = preSolution
		HideSolutionNode = FALSE
	EndGlobalSection
	GlobalSection(ExtensibilityGlobals) = postSolution
		SolutionGuid = {5E49B876-AA05-4BE2-AF03-C130EC6A1204}
	EndGlobalSection
EndGlobal
